{
  "version": 4,
  "terraform_version": "1.16.3",
  "serial": 11,
  "lineage": "ef20503b-df36-e35d-841f-ab7fd8174ddd",
  "outputs": {},
  "resources": [
    {
      "mode": "data",
      "type": "b2_bucket",
      "name": "data",
      "provider": "provider[\"registry.terraform.io/backblaze/b2\"]",
      "instances": [
        {
          "schema_version": 0,
          "attributes": {
            "account_id": "0087346c1a0c",
            "bucket_id": "a040d81733e4b6bca10a001c",
            "bucket_info": {},
            "bucket_name": "rtv-lakehouse-raw",
            "bucket_type": "",
            "cors_rules": [],
            "default_server_side_encryption": [
              {
                "algorithm": "",
                "mode": ""
              }
            ],
            "file_lock_configuration": [
              {
                "default_retention": [
                  {
                    "mode": "unknown",
                    "period": []
                  }
                ],
                "is_file_lock_enabled": false
              }
            ],
            "id": "a040d81733e4b6bca10a001c",
            "lifecycle_rules": [],
            "options": [],
            "revision": 0
          },
          "sensitive_attributes": [],
          "identity_schema_version": 0
        }
      ]
    },
    {
      "mode": "managed",
      "type": "b2_bucket_file_version",
      "name": "chirps",
      "provider": "provider[\"registry.terraform.io/backblaze/b2\"]",
      "instances": [
        {
          "schema_version": 0,
          "attributes": {
            "action": "upload",
            "bucket_id": "a040d81733e4b6bca10a001c",
            "content_md5": "ef20dd42f5b713c57fad1dd2f62986ec",
            "content_sha1": "5b98f6468821dcebaaa051ff2bf424e5483ddff6",
            "content_type": "application/zip",
            "file_id": "4_za040d81733e4b6bca10a001c_f11565ab1001870d4_d20260919_m212933_c003_v0312041_t0058_u01789853373032",
            "file_info": {},
            "file_name": "raw/chirps_uganda.zip",
            "id": "4_za040d81733e4b6bca10a001c_f11565ab1001870d4_d20260919_m212933_c003_v0312041_t0058_u01789853373032",
            "server_side_encryption": [
              {
                "algorithm": "",
                "key": [],
                "mode": "none"
              }
            ],
            "size": 17069556,
            "source": "../ingestion/data/chirps_uganda.zip",
            "upload_timestamp": 1789853373032
          },
          "sensitive_attributes": [],
          "identity_schema_version": 0,
          "private": "bnVsbA==",
          "dependencies": [
            "data.b2_bucket.data"
          ]
        }
      ]
    },
    {
      "mode": "managed",
      "type": "b2_bucket_file_version",
      "name": "nps",
      "provider": "provider[\"registry.terraform.io/backblaze/b2\"]",
      "instances": [
        {
          "schema_version": 0,
          "attributes": {
            "action": "upload",
            "bucket_id": "a040d81733e4b6bca10a001c",
            "content_md5": "e171eb21fa4cd7857ba37c72ef88d760",
            "content_sha1": "b3c74526b5eb5414355f4c61e4814cf957992943",
            "content_type": "application/zip",
            "file_id": "4_za040d81733e4b6bca10a001c_f104b15e9ef10d4a5_d20260919_m213027_c003_v0312047_t0004_u01789853427626",
            "file_info": {},
            "file_name": "raw/UGA_2019_UNPS_v03_M_CSV.zip",
            "id": "4_za040d81733e4b6bca10a001c_f104b15e9ef10d4a5_d20260919_m213027_c003_v0312047_t0004_u01789853427626",
            "server_side_encryption": [
              {
                "algorithm": "",
                "key": [],
                "mode": "none"
              }
            ],
            "size": 11295833,
            "source": "../ingestion/data/UGA_2019_UNPS_v03_M_CSV.zip",
            "upload_timestamp": 1789853427626
          },
          "sensitive_attributes": [],
          "identity_schema_version": 0,
          "private": "bnVsbA==",
          "dependencies": [
            "data.b2_bucket.data"
          ]
        }
      ]
    }
  ],
  "check_results": null
}
